
Microsoft Visual Studio Solution File, Format Version 12.00
# Visual Studio Version 17
VisualStudioVersion = 17.4.33213.308
MinimumVisualStudioVersion = 10.0.40219.1
Project("{FAE04EC0-301F-11D3-BF4B-00C04F79EFBC}") = "NetRadio", "NetRadio.csproj", "{0FBD6FC4-2A85-4368-8DA1-6E1D9815E073}"
EndProject
Global
	GlobalSection(SolutionConfigurationPlatforms) = preSolution
		Debug|Any CPU = Debug|Any CPU
		Debug|x64 = Debug|x64
		Release|Any CPU = Release|Any CPU
		Release|x64 = Release|x64
	EndGlobalSection
	GlobalSection(ProjectConfigurationPlatforms) = postSolution
		{0FBD6FC4-2A85-4368-8DA1-6E1D9815E073}.Debug|Any CPU.ActiveCfg = Debug|x64
		{0FBD6FC4-2A85-4368-8DA1-6E1D9815E073}.Debug|Any CPU.Build.0 = Debug|x64
		{0FBD6FC4-2A85-4368-8DA1-6E1D9815E073}.Debug|x64.ActiveCfg = Debug|x64
		{0FBD6FC4-2A85-4368-8DA1-6E1D9815E073}.Debug|x64.Build.0 = Debug|x64
		{0FBD6FC4-2A85-4368-8DA1-6E1D9815E073}.Release|Any CPU.ActiveCfg = Release|Any CPU
		{0FBD6FC4-2A85-4368-8DA1-6E1D9815E073}.Release|Any CPU.Build.0 = Release|Any CPU
		{0FBD6FC4-2A85-4368-8DA1-6E1D9815E073}.Release|x64.ActiveCfg = Release|Any CPU
		{0FBD6FC4-2A85-4368-8DA1-6E1D9815E073}.Release|x64.Build.0 = Release|Any CPU
	EndGlobalSection
	GlobalSection(SolutionProperties) = preSolution
		HideSolutionNode = FALSE
	EndGlobalSection
	GlobalSection(ExtensibilityGlobals) = postSolution
		SolutionGuid = {04380F2A-A9A1-4C68-AD99-A5196D474469}
	EndGlobalSection
EndGlobal
